
Microsoft Visual Studio Solution File, Format Version 12.00
# Visual Studio Version 16
VisualStudioVersion = 16.0.33423.256
MinimumVisualStudioVersion = 10.0.40219.1
Project("{FAE04EC0-301F-11D3-BF4B-00C04F79EFBC}") = "Sign-In-OOP", "Sign-In-OOP\Sign-In-OOP.csproj", "{C77B52A5-BAF9-4570-A49D-C9B1ECD97CDB}"
EndProject
Global
	GlobalSection(SolutionConfigurationPlatforms) = preSolution
		Debug|Any CPU = Debug|Any CPU
		Release|Any CPU = Release|Any CPU
	EndGlobalSection
	GlobalSection(ProjectConfigurationPlatforms) = postSolution
		{C77B52A5-BAF9-4570-A49D-C9B1ECD97CDB}.Debug|Any CPU.ActiveCfg = Debug|Any CPU
		{C77B52A5-BAF9-4570-A49D-C9B1ECD97CDB}.Debug|Any CPU.Build.0 = Debug|Any CPU
		{C77B52A5-BAF9-4570-A49D-C9B1ECD97CDB}.Release|Any CPU.ActiveCfg = Release|Any CPU
		{C77B52A5-BAF9-4570-A49D-C9B1ECD97CDB}.Release|Any CPU.Build.0 = Release|Any CPU
	EndGlobalSection
	GlobalSection(SolutionProperties) = preSolution
		HideSolutionNode = FALSE
	EndGlobalSection
	GlobalSection(ExtensibilityGlobals) = postSolution
		SolutionGuid = {CCEFC9E8-4D93-4D5F-9932-3CF0C164C907}
	EndGlobalSection
EndGlobal
